
Microsoft Visual Studio Solution File, Format Version 12.00
# Visual Studio 15
VisualStudioVersion = 15.0.27428.2011
MinimumVisualStudioVersion = 10.0.40219.1
Project("{FAE04EC0-301F-11D3-BF4B-00C04F79EFBC}") = "CourseWork", "CourseWork.csproj", "{504F0F8A-3611-4A26-BE95-53C6956B97AE}"
EndProject
Global
	GlobalSection(SolutionConfigurationPlatforms) = preSolution
		Debug|Any CPU = Debug|Any CPU
		Release|Any CPU = Release|Any CPU
	EndGlobalSection
	GlobalSection(ProjectConfigurationPlatforms) = postSolution
		{504F0F8A-3611-4A26-BE95-53C6956B97AE}.Debug|Any CPU.ActiveCfg = Debug|Any CPU
		{504F0F8A-3611-4A26-BE95-53C6956B97AE}.Debug|Any CPU.Build.0 = Debug|Any CPU
		{504F0F8A-3611-4A26-BE95-53C6956B97AE}.Release|Any CPU.ActiveCfg = Release|Any CPU
		{504F0F8A-3611-4A26-BE95-53C6956B97AE}.Release|Any CPU.Build.0 = Release|Any CPU
	EndGlobalSection
	GlobalSection(SolutionProperties) = preSolution
		HideSolutionNode = FALSE
	EndGlobalSection
	GlobalSection(ExtensibilityGlobals) = postSolution
		SolutionGuid = {02D6AFBB-4576-4B97-BDE5-D17281FFCA87}
	EndGlobalSection
EndGlobal
